
Microsoft Visual Studio Solution File, Format Version 12.00
# Visual Studio 14
VisualStudioVersion = 14.0.25123.0
MinimumVisualStudioVersion = 10.0.40219.1
Project("{FAE04EC0-301F-11D3-BF4B-00C04F79EFBC}") = "AdoNetExample", "..\..\..\..\C#\projects\ConsoleApplication1\ConsoleApplication1\AdoNetExample.csproj", "{1F902721-ED59-4F33-9B9E-6D93D2C55548}"
EndProject
Project("{FAE04EC0-301F-11D3-BF4B-00C04F79EFBC}") = "Serialize", "..\..\..\..\C#\projects\ConsoleApplication2\ConsoleApplication2\Serialize.csproj", "{0B03DCC5-C8BF-4922-A7DB-8C283F208647}"
EndProject
Project("{FAE04EC0-301F-11D3-BF4B-00C04F79EFBC}") = "EntityEx", "..\..\..\..\C#\projects\EntityEx\EntityEx\EntityEx.csproj", "{FD298E91-D185-49A0-8F91-37560710D7B8}"
EndProject
Global
	GlobalSection(SolutionConfigurationPlatforms) = preSolution
		Debug|Any CPU = Debug|Any CPU
		Release|Any CPU = Release|Any CPU
	EndGlobalSection
	GlobalSection(ProjectConfigurationPlatforms) = postSolution
		{1F902721-ED59-4F33-9B9E-6D93D2C55548}.Debug|Any CPU.ActiveCfg = Debug|Any CPU
		{1F902721-ED59-4F33-9B9E-6D93D2C55548}.Debug|Any CPU.Build.0 = Debug|Any CPU
		{1F902721-ED59-4F33-9B9E-6D93D2C55548}.Release|Any CPU.ActiveCfg = Release|Any CPU
		{1F902721-ED59-4F33-9B9E-6D93D2C55548}.Release|Any CPU.Build.0 = Release|Any CPU
		{0B03DCC5-C8BF-4922-A7DB-8C283F208647}.Debug|Any CPU.ActiveCfg = Debug|Any CPU
		{0B03DCC5-C8BF-4922-A7DB-8C283F208647}.Debug|Any CPU.Build.0 = Debug|Any CPU
		{0B03DCC5-C8BF-4922-A7DB-8C283F208647}.Release|Any CPU.ActiveCfg = Release|Any CPU
		{0B03DCC5-C8BF-4922-A7DB-8C283F208647}.Release|Any CPU.Build.0 = Release|Any CPU
		{FD298E91-D185-49A0-8F91-37560710D7B8}.Debug|Any CPU.ActiveCfg = Debug|Any CPU
		{FD298E91-D185-49A0-8F91-37560710D7B8}.Debug|Any CPU.Build.0 = Debug|Any CPU
		{FD298E91-D185-49A0-8F91-37560710D7B8}.Release|Any CPU.ActiveCfg = Release|Any CPU
		{FD298E91-D185-49A0-8F91-37560710D7B8}.Release|Any CPU.Build.0 = Release|Any CPU
	EndGlobalSection
	GlobalSection(SolutionProperties) = preSolution
		HideSolutionNode = FALSE
	EndGlobalSection
EndGlobal
