
Microsoft Visual Studio Solution File, Format Version 12.00
# Visual Studio 14
VisualStudioVersion = 14.0.25123.0
MinimumVisualStudioVersion = 10.0.40219.1
Project("{2150E333-8FDC-42A3-9474-1A3956D46DE8}") = "examples", "examples", "{C5A7971D-4AE7-4312-A688-B636A4E8BB3B}"
EndProject
Project("{FAE04EC0-301F-11D3-BF4B-00C04F79EFBC}") = "AdoNetExample", "labs_examples\ConsoleApplication1\AdoNetExample.csproj", "{1F902721-ED59-4F33-9B9E-6D93D2C55548}"
EndProject
Project("{FAE04EC0-301F-11D3-BF4B-00C04F79EFBC}") = "Serialize", "labs_examples\ConsoleApplication2\Serialize.csproj", "{0B03DCC5-C8BF-4922-A7DB-8C283F208647}"
EndProject
Project("{FAE04EC0-301F-11D3-BF4B-00C04F79EFBC}") = "EntityEx", "labs_examples\EntityEx\EntityEx.csproj", "{FD298E91-D185-49A0-8F91-37560710D7B8}"
EndProject
Project("{FAE04EC0-301F-11D3-BF4B-00C04F79EFBC}") = "lab4", "lab4\lab4.csproj", "{63505B3F-592D-478D-8248-FA6DF2497578}"
EndProject
Project("{FAE04EC0-301F-11D3-BF4B-00C04F79EFBC}") = "EntityFrExample", "EntityFrExample\EntityFrExample.csproj", "{BDB30ABA-6EC2-47AC-9FC1-C004CE396BC5}"
EndProject
Project("{FAE04EC0-301F-11D3-BF4B-00C04F79EFBC}") = "WpfLab5", "WpfLab5\WpfLab5.csproj", "{D0F5622F-588A-4C78-87ED-D1FC86B673E5}"
EndProject
Global
	GlobalSection(SolutionConfigurationPlatforms) = preSolution
		Debug|Any CPU = Debug|Any CPU
		Release|Any CPU = Release|Any CPU
	EndGlobalSection
	GlobalSection(ProjectConfigurationPlatforms) = postSolution
		{1F902721-ED59-4F33-9B9E-6D93D2C55548}.Debug|Any CPU.ActiveCfg = Debug|Any CPU
		{1F902721-ED59-4F33-9B9E-6D93D2C55548}.Debug|Any CPU.Build.0 = Debug|Any CPU
		{1F902721-ED59-4F33-9B9E-6D93D2C55548}.Release|Any CPU.ActiveCfg = Release|Any CPU
		{1F902721-ED59-4F33-9B9E-6D93D2C55548}.Release|Any CPU.Build.0 = Release|Any CPU
		{0B03DCC5-C8BF-4922-A7DB-8C283F208647}.Debug|Any CPU.ActiveCfg = Debug|Any CPU
		{0B03DCC5-C8BF-4922-A7DB-8C283F208647}.Debug|Any CPU.Build.0 = Debug|Any CPU
		{0B03DCC5-C8BF-4922-A7DB-8C283F208647}.Release|Any CPU.ActiveCfg = Release|Any CPU
		{0B03DCC5-C8BF-4922-A7DB-8C283F208647}.Release|Any CPU.Build.0 = Release|Any CPU
		{FD298E91-D185-49A0-8F91-37560710D7B8}.Debug|Any CPU.ActiveCfg = Debug|Any CPU
		{FD298E91-D185-49A0-8F91-37560710D7B8}.Debug|Any CPU.Build.0 = Debug|Any CPU
		{FD298E91-D185-49A0-8F91-37560710D7B8}.Release|Any CPU.ActiveCfg = Release|Any CPU
		{FD298E91-D185-49A0-8F91-37560710D7B8}.Release|Any CPU.Build.0 = Release|Any CPU
		{63505B3F-592D-478D-8248-FA6DF2497578}.Debug|Any CPU.ActiveCfg = Debug|Any CPU
		{63505B3F-592D-478D-8248-FA6DF2497578}.Debug|Any CPU.Build.0 = Debug|Any CPU
		{63505B3F-592D-478D-8248-FA6DF2497578}.Release|Any CPU.ActiveCfg = Release|Any CPU
		{63505B3F-592D-478D-8248-FA6DF2497578}.Release|Any CPU.Build.0 = Release|Any CPU
		{BDB30ABA-6EC2-47AC-9FC1-C004CE396BC5}.Debug|Any CPU.ActiveCfg = Debug|Any CPU
		{BDB30ABA-6EC2-47AC-9FC1-C004CE396BC5}.Debug|Any CPU.Build.0 = Debug|Any CPU
		{BDB30ABA-6EC2-47AC-9FC1-C004CE396BC5}.Release|Any CPU.ActiveCfg = Release|Any CPU
		{BDB30ABA-6EC2-47AC-9FC1-C004CE396BC5}.Release|Any CPU.Build.0 = Release|Any CPU
		{D0F5622F-588A-4C78-87ED-D1FC86B673E5}.Debug|Any CPU.ActiveCfg = Debug|Any CPU
		{D0F5622F-588A-4C78-87ED-D1FC86B673E5}.Debug|Any CPU.Build.0 = Debug|Any CPU
		{D0F5622F-588A-4C78-87ED-D1FC86B673E5}.Release|Any CPU.ActiveCfg = Release|Any CPU
		{D0F5622F-588A-4C78-87ED-D1FC86B673E5}.Release|Any CPU.Build.0 = Release|Any CPU
	EndGlobalSection
	GlobalSection(SolutionProperties) = preSolution
		HideSolutionNode = FALSE
	EndGlobalSection
	GlobalSection(NestedProjects) = preSolution
		{1F902721-ED59-4F33-9B9E-6D93D2C55548} = {C5A7971D-4AE7-4312-A688-B636A4E8BB3B}
		{0B03DCC5-C8BF-4922-A7DB-8C283F208647} = {C5A7971D-4AE7-4312-A688-B636A4E8BB3B}
		{FD298E91-D185-49A0-8F91-37560710D7B8} = {C5A7971D-4AE7-4312-A688-B636A4E8BB3B}
		{63505B3F-592D-478D-8248-FA6DF2497578} = {C5A7971D-4AE7-4312-A688-B636A4E8BB3B}
		{BDB30ABA-6EC2-47AC-9FC1-C004CE396BC5} = {C5A7971D-4AE7-4312-A688-B636A4E8BB3B}
		{D0F5622F-588A-4C78-87ED-D1FC86B673E5} = {C5A7971D-4AE7-4312-A688-B636A4E8BB3B}
	EndGlobalSection
EndGlobal
